
Microsoft Visual Studio Solution File, Format Version 12.00
# Visual Studio 15
VisualStudioVersion = 15.0.28010.2046
MinimumVisualStudioVersion = 10.0.40219.1
Project("{FAE04EC0-301F-11D3-BF4B-00C04F79EFBC}") = "21CardGame", "21CardGame.csproj", "{B8F79054-4E36-4923-8616-E8A3879F01E9}"
EndProject
Global
	GlobalSection(SolutionConfigurationPlatforms) = preSolution
		Debug|Any CPU = Debug|Any CPU
		Release|Any CPU = Release|Any CPU
	EndGlobalSection
	GlobalSection(ProjectConfigurationPlatforms) = postSolution
		{B8F79054-4E36-4923-8616-E8A3879F01E9}.Debug|Any CPU.ActiveCfg = Debug|Any CPU
		{B8F79054-4E36-4923-8616-E8A3879F01E9}.Debug|Any CPU.Build.0 = Debug|Any CPU
		{B8F79054-4E36-4923-8616-E8A3879F01E9}.Release|Any CPU.ActiveCfg = Release|Any CPU
		{B8F79054-4E36-4923-8616-E8A3879F01E9}.Release|Any CPU.Build.0 = Release|Any CPU
	EndGlobalSection
	GlobalSection(SolutionProperties) = preSolution
		HideSolutionNode = FALSE
	EndGlobalSection
	GlobalSection(ExtensibilityGlobals) = postSolution
		SolutionGuid = {57CF00F9-AC68-4674-A359-79A11C80E02E}
	EndGlobalSection
EndGlobal
